// !$*UTF8*$!
{
	archiveVersion = 1;
	classes = {
	};
	objectVersion = 56;
	objects = {

/* Begin PBXBuildFile section */
		391AD23A29AFC4BD00A816FB /* UpcomingViewModel.swift in Sources */ = {isa = PBXBuildFile; fileRef = 391AD23929AFC4BD00A816FB /* UpcomingViewModel.swift */; };
		391AD23C29AFC63E00A816FB /* UpcomingListViewModel.swift in Sources */ = {isa = PBXBuildFile; fileRef = 391AD23B29AFC63E00A816FB /* UpcomingListViewModel.swift */; };
		391AD23F29AFEDCF00A816FB /* DetailsViewController.swift in Sources */ = {isa = PBXBuildFile; fileRef = 391AD23E29AFEDCF00A816FB /* DetailsViewController.swift */; };
		391AD24129AFEDE000A816FB /* DetailsViewController.storyboard in Resources */ = {isa = PBXBuildFile; fileRef = 391AD24029AFEDE000A816FB /* DetailsViewController.storyboard */; };
		391AD24A29B0F90C00A816FB /* DownloadsCell.swift in Sources */ = {isa = PBXBuildFile; fileRef = 391AD24829B0F90C00A816FB /* DownloadsCell.swift */; };
		391AD24B29B0F90C00A816FB /* DownloadsCell.xib in Resources */ = {isa = PBXBuildFile; fileRef = 391AD24929B0F90C00A816FB /* DownloadsCell.xib */; };
		391AD24E29B0FB7700A816FB /* DownloadMoviesDataSource.swift in Sources */ = {isa = PBXBuildFile; fileRef = 391AD24D29B0FB7700A816FB /* DownloadMoviesDataSource.swift */; };
		391AD25229B1185200A816FB /* TopSearchCell.swift in Sources */ = {isa = PBXBuildFile; fileRef = 391AD25029B1185200A816FB /* TopSearchCell.swift */; };
		391AD25329B1185200A816FB /* TopSearchCell.xib in Resources */ = {isa = PBXBuildFile; fileRef = 391AD25129B1185200A816FB /* TopSearchCell.xib */; };
		391AD25629B1193800A816FB /* TopSearchDataSource.swift in Sources */ = {isa = PBXBuildFile; fileRef = 391AD25529B1193800A816FB /* TopSearchDataSource.swift */; };
		391AD25829B1439400A816FB /* TopSearchListViewModel.swift in Sources */ = {isa = PBXBuildFile; fileRef = 391AD25729B1439400A816FB /* TopSearchListViewModel.swift */; };
		391AD25A29B143A800A816FB /* TopSearchViewModel.swift in Sources */ = {isa = PBXBuildFile; fileRef = 391AD25929B143A800A816FB /* TopSearchViewModel.swift */; };
		391AD25D29B1FA0B00A816FB /* SearchResultsViewController.swift in Sources */ = {isa = PBXBuildFile; fileRef = 391AD25C29B1FA0B00A816FB /* SearchResultsViewController.swift */; };
		391AD25F29B1FBED00A816FB /* SearchResultsViewController.storyboard in Resources */ = {isa = PBXBuildFile; fileRef = 391AD25E29B1FBED00A816FB /* SearchResultsViewController.storyboard */; };
		391AD26329B1FC3400A816FB /* SearchResultsCollectionViewCell.swift in Sources */ = {isa = PBXBuildFile; fileRef = 391AD26129B1FC3400A816FB /* SearchResultsCollectionViewCell.swift */; };
		391AD26429B1FC3400A816FB /* SearchResultsCollectionViewCell.xib in Resources */ = {isa = PBXBuildFile; fileRef = 391AD26229B1FC3400A816FB /* SearchResultsCollectionViewCell.xib */; };
		391AD26729B1FD2200A816FB /* SearchResultsDatasource.swift in Sources */ = {isa = PBXBuildFile; fileRef = 391AD26629B1FD2200A816FB /* SearchResultsDatasource.swift */; };
		391AD26929B1FE7000A816FB /* SearchResultsViewModel.swift in Sources */ = {isa = PBXBuildFile; fileRef = 391AD26829B1FE7000A816FB /* SearchResultsViewModel.swift */; };
		391AD26B29B201A000A816FB /* SearchResultsListViewModel.swift in Sources */ = {isa = PBXBuildFile; fileRef = 391AD26A29B201A000A816FB /* SearchResultsListViewModel.swift */; };
		39366C2E2A0028DA002847F0 /* SignInViewController.storyboard in Resources */ = {isa = PBXBuildFile; fileRef = 39366C2D2A0028DA002847F0 /* SignInViewController.storyboard */; };
		39366C302A0028EC002847F0 /* SignInViewController.swift in Sources */ = {isa = PBXBuildFile; fileRef = 39366C2F2A0028EC002847F0 /* SignInViewController.swift */; };
		39366C322A00376B002847F0 /* SignUpViewController.storyboard in Resources */ = {isa = PBXBuildFile; fileRef = 39366C312A00376B002847F0 /* SignUpViewController.storyboard */; };
		39366C342A00377A002847F0 /* SignUpViewController.swift in Sources */ = {isa = PBXBuildFile; fileRef = 39366C332A00377A002847F0 /* SignUpViewController.swift */; };
		39366C372A019FFD002847F0 /* Constants.swift in Sources */ = {isa = PBXBuildFile; fileRef = 39366C362A019FFD002847F0 /* Constants.swift */; };
		39366C3A2A01A249002847F0 /* User.swift in Sources */ = {isa = PBXBuildFile; fileRef = 39366C392A01A249002847F0 /* User.swift */; };
		3983F70729C6493000FD8FD4 /* loading.json in Resources */ = {isa = PBXBuildFile; fileRef = 3983F70629C6493000FD8FD4 /* loading.json */; };
		39E0CDF129A6718D000E047A /* AppDelegate.swift in Sources */ = {isa = PBXBuildFile; fileRef = 39E0CDF029A6718D000E047A /* AppDelegate.swift */; };
		39E0CDF329A6718D000E047A /* SceneDelegate.swift in Sources */ = {isa = PBXBuildFile; fileRef = 39E0CDF229A6718D000E047A /* SceneDelegate.swift */; };
		39E0CDF529A6718D000E047A /* MainTabBarViewController.swift in Sources */ = {isa = PBXBuildFile; fileRef = 39E0CDF429A6718D000E047A /* MainTabBarViewController.swift */; };
		39E0CDFA29A6718E000E047A /* Assets.xcassets in Resources */ = {isa = PBXBuildFile; fileRef = 39E0CDF929A6718E000E047A /* Assets.xcassets */; };
		39E0CDFD29A6718E000E047A /* LaunchScreen.storyboard in Resources */ = {isa = PBXBuildFile; fileRef = 39E0CDFB29A6718E000E047A /* LaunchScreen.storyboard */; };
		39E0CE0929A67258000E047A /* MainTabBarViewController.storyboard in Resources */ = {isa = PBXBuildFile; fileRef = 39E0CE0829A67258000E047A /* MainTabBarViewController.storyboard */; };
		39E0CE0E29A69D6D000E047A /* UpComingViewController.swift in Sources */ = {isa = PBXBuildFile; fileRef = 39E0CE0D29A69D6D000E047A /* UpComingViewController.swift */; };
		39E0CE1029A69D78000E047A /* TopSearchViewController.swift in Sources */ = {isa = PBXBuildFile; fileRef = 39E0CE0F29A69D78000E047A /* TopSearchViewController.swift */; };
		39E0CE1229A69D87000E047A /* DownloadsViewController.swift in Sources */ = {isa = PBXBuildFile; fileRef = 39E0CE1129A69D87000E047A /* DownloadsViewController.swift */; };
		39E0CE1E29A6A6B1000E047A /* UpComingViewController.storyboard in Resources */ = {isa = PBXBuildFile; fileRef = 39E0CE1D29A6A6B1000E047A /* UpComingViewController.storyboard */; };
		39E0CE2029A6A6CA000E047A /* TopSearchViewController.storyboard in Resources */ = {isa = PBXBuildFile; fileRef = 39E0CE1F29A6A6CA000E047A /* TopSearchViewController.storyboard */; };
		39E0CE2229A6A6DC000E047A /* DownloadsViewController.storyboard in Resources */ = {isa = PBXBuildFile; fileRef = 39E0CE2129A6A6DC000E047A /* DownloadsViewController.storyboard */; };
		39E0CE2429A6A918000E047A /* HomeViewController.swift in Sources */ = {isa = PBXBuildFile; fileRef = 39E0CE2329A6A918000E047A /* HomeViewController.swift */; };
		39E0CE2829A6A92B000E047A /* HomeViewController.storyboard in Resources */ = {isa = PBXBuildFile; fileRef = 39E0CE2729A6A92B000E047A /* HomeViewController.storyboard */; };
		39E0CE2D29A6AD25000E047A /* HomePageTraillerCell.swift in Sources */ = {isa = PBXBuildFile; fileRef = 39E0CE2B29A6AD25000E047A /* HomePageTraillerCell.swift */; };
		39E0CE2E29A6AD25000E047A /* HomePageTraillerCell.xib in Resources */ = {isa = PBXBuildFile; fileRef = 39E0CE2C29A6AD25000E047A /* HomePageTraillerCell.xib */; };
		39E0CE3229A6B161000E047A /* MoviesViewModel.swift in Sources */ = {isa = PBXBuildFile; fileRef = 39E0CE3129A6B161000E047A /* MoviesViewModel.swift */; };
		39E0CE3429A6B175000E047A /* MoviesDatasource.swift in Sources */ = {isa = PBXBuildFile; fileRef = 39E0CE3329A6B175000E047A /* MoviesDatasource.swift */; };
		39E0CE3829A7C403000E047A /* HomePageTableViewCell.swift in Sources */ = {isa = PBXBuildFile; fileRef = 39E0CE3629A7C403000E047A /* HomePageTableViewCell.swift */; };
		39E0CE3929A7C403000E047A /* HomePageTableViewCell.xib in Resources */ = {isa = PBXBuildFile; fileRef = 39E0CE3729A7C403000E047A /* HomePageTableViewCell.xib */; };
		39E0CE4229A7C54E000E047A /* HomePageCollectionViewCell.swift in Sources */ = {isa = PBXBuildFile; fileRef = 39E0CE4029A7C54E000E047A /* HomePageCollectionViewCell.swift */; };
		39E0CE4329A7C54E000E047A /* HomePageCollectionViewCell.xib in Resources */ = {isa = PBXBuildFile; fileRef = 39E0CE4129A7C54E000E047A /* HomePageCollectionViewCell.xib */; };
		39E0CE4A29A7FE3F000E047A /* MoviesService.swift in Sources */ = {isa = PBXBuildFile; fileRef = 39E0CE4929A7FE3F000E047A /* MoviesService.swift */; };
		39E0CE4E29A7FF40000E047A /* WebServiceManager.swift in Sources */ = {isa = PBXBuildFile; fileRef = 39E0CE4D29A7FF40000E047A /* WebServiceManager.swift */; };
		39E0CE5029A7FF63000E047A /* WebServiceManager+Error.swift in Sources */ = {isa = PBXBuildFile; fileRef = 39E0CE4F29A7FF63000E047A /* WebServiceManager+Error.swift */; };
		39E0CE5429A80044000E047A /* Movie.swift in Sources */ = {isa = PBXBuildFile; fileRef = 39E0CE5329A80044000E047A /* Movie.swift */; };
		39E0CE5729A80BC2000E047A /* MoviesListViewModel.swift in Sources */ = {isa = PBXBuildFile; fileRef = 39E0CE5629A80BC2000E047A /* MoviesListViewModel.swift */; };
		39E0CE5B29A9293A000E047A /* UpComingCell.swift in Sources */ = {isa = PBXBuildFile; fileRef = 39E0CE5929A9293A000E047A /* UpComingCell.swift */; };
		39E0CE5C29A9293A000E047A /* UpComingCell.xib in Resources */ = {isa = PBXBuildFile; fileRef = 39E0CE5A29A9293A000E047A /* UpComingCell.xib */; };
		39E0CE5F29A92C59000E047A /* UpComingDataSource.swift in Sources */ = {isa = PBXBuildFile; fileRef = 39E0CE5E29A92C59000E047A /* UpComingDataSource.swift */; };
/* End PBXBuildFile section */

/* Begin PBXFileReference section */
		391AD23929AFC4BD00A816FB /* UpcomingViewModel.swift */ = {isa = PBXFileReference; lastKnownFileType = sourcecode.swift; path = UpcomingViewModel.swift; sourceTree = "<group>"; };
		391AD23B29AFC63E00A816FB /* UpcomingListViewModel.swift */ = {isa = PBXFileReference; lastKnownFileType = sourcecode.swift; path = UpcomingListViewModel.swift; sourceTree = "<group>"; };
		391AD23E29AFEDCF00A816FB /* DetailsViewController.swift */ = {isa = PBXFileReference; lastKnownFileType = sourcecode.swift; path = DetailsViewController.swift; sourceTree = "<group>"; };
		391AD24029AFEDE000A816FB /* DetailsViewController.storyboard */ = {isa = PBXFileReference; lastKnownFileType = file.storyboard; path = DetailsViewController.storyboard; sourceTree = "<group>"; };
		391AD24829B0F90C00A816FB /* DownloadsCell.swift */ = {isa = PBXFileReference; lastKnownFileType = sourcecode.swift; path = DownloadsCell.swift; sourceTree = "<group>"; };
		391AD24929B0F90C00A816FB /* DownloadsCell.xib */ = {isa = PBXFileReference; lastKnownFileType = file.xib; path = DownloadsCell.xib; sourceTree = "<group>"; };
		391AD24D29B0FB7700A816FB /* DownloadMoviesDataSource.swift */ = {isa = PBXFileReference; lastKnownFileType = sourcecode.swift; path = DownloadMoviesDataSource.swift; sourceTree = "<group>"; };
		391AD25029B1185200A816FB /* TopSearchCell.swift */ = {isa = PBXFileReference; lastKnownFileType = sourcecode.swift; path = TopSearchCell.swift; sourceTree = "<group>"; };
		391AD25129B1185200A816FB /* TopSearchCell.xib */ = {isa = PBXFileReference; lastKnownFileType = file.xib; path = TopSearchCell.xib; sourceTree = "<group>"; };
		391AD25529B1193800A816FB /* TopSearchDataSource.swift */ = {isa = PBXFileReference; lastKnownFileType = sourcecode.swift; path = TopSearchDataSource.swift; sourceTree = "<group>"; };
		391AD25729B1439400A816FB /* TopSearchListViewModel.swift */ = {isa = PBXFileReference; lastKnownFileType = sourcecode.swift; path = TopSearchListViewModel.swift; sourceTree = "<group>"; };
		391AD25929B143A800A816FB /* TopSearchViewModel.swift */ = {isa = PBXFileReference; lastKnownFileType = sourcecode.swift; path = TopSearchViewModel.swift; sourceTree = "<group>"; };
		391AD25C29B1FA0B00A816FB /* SearchResultsViewController.swift */ = {isa = PBXFileReference; lastKnownFileType = sourcecode.swift; path = SearchResultsViewController.swift; sourceTree = "<group>"; };
		391AD25E29B1FBED00A816FB /* SearchResultsViewController.storyboard */ = {isa = PBXFileReference; lastKnownFileType = file.storyboard; path = SearchResultsViewController.storyboard; sourceTree = "<group>"; };
		391AD26129B1FC3400A816FB /* SearchResultsCollectionViewCell.swift */ = {isa = PBXFileReference; lastKnownFileType = sourcecode.swift; path = SearchResultsCollectionViewCell.swift; sourceTree = "<group>"; };
		391AD26229B1FC3400A816FB /* SearchResultsCollectionViewCell.xib */ = {isa = PBXFileReference; lastKnownFileType = file.xib; path = SearchResultsCollectionViewCell.xib; sourceTree = "<group>"; };
		391AD26629B1FD2200A816FB /* SearchResultsDatasource.swift */ = {isa = PBXFileReference; lastKnownFileType = sourcecode.swift; path = SearchResultsDatasource.swift; sourceTree = "<group>"; };
		391AD26829B1FE7000A816FB /* SearchResultsViewModel.swift */ = {isa = PBXFileReference; lastKnownFileType = sourcecode.swift; path = SearchResultsViewModel.swift; sourceTree = "<group>"; };
		391AD26A29B201A000A816FB /* SearchResultsListViewModel.swift */ = {isa = PBXFileReference; lastKnownFileType = sourcecode.swift; path = SearchResultsListViewModel.swift; sourceTree = "<group>"; };
		39366C2D2A0028DA002847F0 /* SignInViewController.storyboard */ = {isa = PBXFileReference; lastKnownFileType = file.storyboard; path = SignInViewController.storyboard; sourceTree = "<group>"; };
		39366C2F2A0028EC002847F0 /* SignInViewController.swift */ = {isa = PBXFileReference; lastKnownFileType = sourcecode.swift; path = SignInViewController.swift; sourceTree = "<group>"; };
		39366C312A00376B002847F0 /* SignUpViewController.storyboard */ = {isa = PBXFileReference; lastKnownFileType = file.storyboard; path = SignUpViewController.storyboard; sourceTree = "<group>"; };
		39366C332A00377A002847F0 /* SignUpViewController.swift */ = {isa = PBXFileReference; lastKnownFileType = sourcecode.swift; path = SignUpViewController.swift; sourceTree = "<group>"; };
		39366C362A019FFD002847F0 /* Constants.swift */ = {isa = PBXFileReference; lastKnownFileType = sourcecode.swift; path = Constants.swift; sourceTree = "<group>"; };
		39366C392A01A249002847F0 /* User.swift */ = {isa = PBXFileReference; lastKnownFileType = sourcecode.swift; path = User.swift; sourceTree = "<group>"; };
		3983F70629C6493000FD8FD4 /* loading.json */ = {isa = PBXFileReference; fileEncoding = 4; lastKnownFileType = text.json; path = loading.json; sourceTree = "<group>"; };
		39E0CDED29A6718D000E047A /* myMoviesApplication.app */ = {isa = PBXFileReference; explicitFileType = wrapper.application; includeInIndex = 0; path = myMoviesApplication.app; sourceTree = BUILT_PRODUCTS_DIR; };
		39E0CDF029A6718D000E047A /* AppDelegate.swift */ = {isa = PBXFileReference; lastKnownFileType = sourcecode.swift; path = AppDelegate.swift; sourceTree = "<group>"; };
		39E0CDF229A6718D000E047A /* SceneDelegate.swift */ = {isa = PBXFileReference; lastKnownFileType = sourcecode.swift; path = SceneDelegate.swift; sourceTree = "<group>"; };
		39E0CDF429A6718D000E047A /* MainTabBarViewController.swift */ = {isa = PBXFileReference; lastKnownFileType = sourcecode.swift; path = MainTabBarViewController.swift; sourceTree = "<group>"; };
		39E0CDF929A6718E000E047A /* Assets.xcassets */ = {isa = PBXFileReference; lastKnownFileType = folder.assetcatalog; path = Assets.xcassets; sourceTree = "<group>"; };
		39E0CDFC29A6718E000E047A /* Base */ = {isa = PBXFileReference; lastKnownFileType = file.storyboard; name = Base; path = Base.lproj/LaunchScreen.storyboard; sourceTree = "<group>"; };
		39E0CDFE29A6718E000E047A /* Info.plist */ = {isa = PBXFileReference; lastKnownFileType = text.plist.xml; path = Info.plist; sourceTree = "<group>"; };
		39E0CE0829A67258000E047A /* MainTabBarViewController.storyboard */ = {isa = PBXFileReference; lastKnownFileType = file.storyboard; path = MainTabBarViewController.storyboard; sourceTree = "<group>"; };
		39E0CE0D29A69D6D000E047A /* UpComingViewController.swift */ = {isa = PBXFileReference; lastKnownFileType = sourcecode.swift; path = UpComingViewController.swift; sourceTree = "<group>"; };
		39E0CE0F29A69D78000E047A /* TopSearchViewController.swift */ = {isa = PBXFileReference; lastKnownFileType = sourcecode.swift; path = TopSearchViewController.swift; sourceTree = "<group>"; };
		39E0CE1129A69D87000E047A /* DownloadsViewController.swift */ = {isa = PBXFileReference; lastKnownFileType = sourcecode.swift; path = DownloadsViewController.swift; sourceTree = "<group>"; };
		39E0CE1D29A6A6B1000E047A /* UpComingViewController.storyboard */ = {isa = PBXFileReference; lastKnownFileType = file.storyboard; path = UpComingViewController.storyboard; sourceTree = "<group>"; };
		39E0CE1F29A6A6CA000E047A /* TopSearchViewController.storyboard */ = {isa = PBXFileReference; lastKnownFileType = file.storyboard; path = TopSearchViewController.storyboard; sourceTree = "<group>"; };
		39E0CE2129A6A6DC000E047A /* DownloadsViewController.storyboard */ = {isa = PBXFileReference; lastKnownFileType = file.storyboard; path = DownloadsViewController.storyboard; sourceTree = "<group>"; };
		39E0CE2329A6A918000E047A /* HomeViewController.swift */ = {isa = PBXFileReference; lastKnownFileType = sourcecode.swift; path = HomeViewController.swift; sourceTree = "<group>"; };
		39E0CE2729A6A92B000E047A /* HomeViewController.storyboard */ = {isa = PBXFileReference; lastKnownFileType = file.storyboard; path = HomeViewController.storyboard; sourceTree = "<group>"; };
		39E0CE2B29A6AD25000E047A /* HomePageTraillerCell.swift */ = {isa = PBXFileReference; lastKnownFileType = sourcecode.swift; path = HomePageTraillerCell.swift; sourceTree = "<group>"; };
		39E0CE2C29A6AD25000E047A /* HomePageTraillerCell.xib */ = {isa = PBXFileReference; lastKnownFileType = file.xib; path = HomePageTraillerCell.xib; sourceTree = "<group>"; };
		39E0CE3129A6B161000E047A /* MoviesViewModel.swift */ = {isa = PBXFileReference; lastKnownFileType = sourcecode.swift; path = MoviesViewModel.swift; sourceTree = "<group>"; };
		39E0CE3329A6B175000E047A /* MoviesDatasource.swift */ = {isa = PBXFileReference; lastKnownFileType = sourcecode.swift; path = MoviesDatasource.swift; sourceTree = "<group>"; };
		39E0CE3629A7C403000E047A /* HomePageTableViewCell.swift */ = {isa = PBXFileReference; lastKnownFileType = sourcecode.swift; path = HomePageTableViewCell.swift; sourceTree = "<group>"; };
		39E0CE3729A7C403000E047A /* HomePageTableViewCell.xib */ = {isa = PBXFileReference; lastKnownFileType = file.xib; path = HomePageTableViewCell.xib; sourceTree = "<group>"; };
		39E0CE4029A7C54E000E047A /* HomePageCollectionViewCell.swift */ = {isa = PBXFileReference; lastKnownFileType = sourcecode.swift; path = HomePageCollectionViewCell.swift; sourceTree = "<group>"; };
		39E0CE4129A7C54E000E047A /* HomePageCollectionViewCell.xib */ = {isa = PBXFileReference; lastKnownFileType = file.xib; path = HomePageCollectionViewCell.xib; sourceTree = "<group>"; };
		39E0CE4929A7FE3F000E047A /* MoviesService.swift */ = {isa = PBXFileReference; lastKnownFileType = sourcecode.swift; path = MoviesService.swift; sourceTree = "<group>"; };
		39E0CE4D29A7FF40000E047A /* WebServiceManager.swift */ = {isa = PBXFileReference; lastKnownFileType = sourcecode.swift; path = WebServiceManager.swift; sourceTree = "<group>"; };
		39E0CE4F29A7FF63000E047A /* WebServiceManager+Error.swift */ = {isa = PBXFileReference; lastKnownFileType = sourcecode.swift; path = "WebServiceManager+Error.swift"; sourceTree = "<group>"; };
		39E0CE5329A80044000E047A /* Movie.swift */ = {isa = PBXFileReference; lastKnownFileType = sourcecode.swift; path = Movie.swift; sourceTree = "<group>"; };
		39E0CE5629A80BC2000E047A /* MoviesListViewModel.swift */ = {isa = PBXFileReference; lastKnownFileType = sourcecode.swift; path = MoviesListViewModel.swift; sourceTree = "<group>"; };
		39E0CE5929A9293A000E047A /* UpComingCell.swift */ = {isa = PBXFileReference; lastKnownFileType = sourcecode.swift; path = UpComingCell.swift; sourceTree = "<group>"; };
		39E0CE5A29A9293A000E047A /* UpComingCell.xib */ = {isa = PBXFileReference; lastKnownFileType = file.xib; path = UpComingCell.xib; sourceTree = "<group>"; };
		39E0CE5E29A92C59000E047A /* UpComingDataSource.swift */ = {isa = PBXFileReference; lastKnownFileType = sourcecode.swift; path = UpComingDataSource.swift; sourceTree = "<group>"; };
/* End PBXFileReference section */

/* Begin PBXFrameworksBuildPhase section */
		39E0CDEA29A6718D000E047A /* Frameworks */ = {
			isa = PBXFrameworksBuildPhase;
			buildActionMask = 2147483647;
			files = (
			);
			runOnlyForDeploymentPostprocessing = 0;
		};
/* End PBXFrameworksBuildPhase section */

/* Begin PBXGroup section */
		3911F36C29CCD3C7006B674C /* TopSearch */ = {
			isa = PBXGroup;
			children = (
				391AD24F29B1183C00A816FB /* SearchCell */,
				39E0CE0F29A69D78000E047A /* TopSearchViewController.swift */,
				39E0CE1F29A6A6CA000E047A /* TopSearchViewController.storyboard */,
				391AD25429B1191600A816FB /* ViewModel */,
			);
			path = TopSearch;
			sourceTree = "<group>";
		};
		391AD23D29AFED9B00A816FB /* DetailPage */ = {
			isa = PBXGroup;
			children = (
				391AD23E29AFEDCF00A816FB /* DetailsViewController.swift */,
				391AD24029AFEDE000A816FB /* DetailsViewController.storyboard */,
			);
			path = DetailPage;
			sourceTree = "<group>";
		};
		391AD24729B0F8D600A816FB /* DownloadsCell */ = {
			isa = PBXGroup;
			children = (
				391AD24829B0F90C00A816FB /* DownloadsCell.swift */,
				391AD24929B0F90C00A816FB /* DownloadsCell.xib */,
			);
			path = DownloadsCell;
			sourceTree = "<group>";
		};
		391AD24C29B0FB1C00A816FB /* ViewModel */ = {
			isa = PBXGroup;
			children = (
				391AD24D29B0FB7700A816FB /* DownloadMoviesDataSource.swift */,
			);
			path = ViewModel;
			sourceTree = "<group>";
		};
		391AD24F29B1183C00A816FB /* SearchCell */ = {
			isa = PBXGroup;
			children = (
				391AD25029B1185200A816FB /* TopSearchCell.swift */,
				391AD25129B1185200A816FB /* TopSearchCell.xib */,
			);
			path = SearchCell;
			sourceTree = "<group>";
		};
		391AD25429B1191600A816FB /* ViewModel */ = {
			isa = PBXGroup;
			children = (
				391AD25529B1193800A816FB /* TopSearchDataSource.swift */,
				391AD25729B1439400A816FB /* TopSearchListViewModel.swift */,
				391AD25929B143A800A816FB /* TopSearchViewModel.swift */,
			);
			path = ViewModel;
			sourceTree = "<group>";
		};
		391AD25B29B1F9DD00A816FB /* SearchResult */ = {
			isa = PBXGroup;
			children = (
				391AD26029B1FC0400A816FB /* SearchResultsCollectionViewCell */,
				391AD25C29B1FA0B00A816FB /* SearchResultsViewController.swift */,
				391AD25E29B1FBED00A816FB /* SearchResultsViewController.storyboard */,
				391AD26529B1FD0400A816FB /* ViewModel */,
			);
			path = SearchResult;
			sourceTree = "<group>";
		};
		391AD26029B1FC0400A816FB /* SearchResultsCollectionViewCell */ = {
			isa = PBXGroup;
			children = (
				391AD26129B1FC3400A816FB /* SearchResultsCollectionViewCell.swift */,
				391AD26229B1FC3400A816FB /* SearchResultsCollectionViewCell.xib */,
			);
			path = SearchResultsCollectionViewCell;
			sourceTree = "<group>";
		};
		391AD26529B1FD0400A816FB /* ViewModel */ = {
			isa = PBXGroup;
			children = (
				391AD26629B1FD2200A816FB /* SearchResultsDatasource.swift */,
				391AD26A29B201A000A816FB /* SearchResultsListViewModel.swift */,
				391AD26829B1FE7000A816FB /* SearchResultsViewModel.swift */,
			);
			path = ViewModel;
			sourceTree = "<group>";
		};
		39366C2B2A002856002847F0 /* SignIn */ = {
			isa = PBXGroup;
			children = (
				39366C2F2A0028EC002847F0 /* SignInViewController.swift */,
				39366C2D2A0028DA002847F0 /* SignInViewController.storyboard */,
			);
			path = SignIn;
			sourceTree = "<group>";
		};
		39366C2C2A002861002847F0 /* SignUp */ = {
			isa = PBXGroup;
			children = (
				39366C332A00377A002847F0 /* SignUpViewController.swift */,
				39366C312A00376B002847F0 /* SignUpViewController.storyboard */,
			);
			path = SignUp;
			sourceTree = "<group>";
		};
		39366C352A019FEA002847F0 /* Utils */ = {
			isa = PBXGroup;
			children = (
				39366C362A019FFD002847F0 /* Constants.swift */,
			);
			path = Utils;
			sourceTree = "<group>";
		};
		39E0CDE429A6718D000E047A = {
			isa = PBXGroup;
			children = (
				39E0CDEF29A6718D000E047A /* myMoviesApplication */,
				39E0CDEE29A6718D000E047A /* Products */,
			);
			sourceTree = "<group>";
		};
		39E0CDEE29A6718D000E047A /* Products */ = {
			isa = PBXGroup;
			children = (
				39E0CDED29A6718D000E047A /* myMoviesApplication.app */,
			);
			name = Products;
			sourceTree = "<group>";
		};
		39E0CDEF29A6718D000E047A /* myMoviesApplication */ = {
			isa = PBXGroup;
			children = (
				39E0CE0429A671AE000E047A /* Application */,
				39E0CE5129A8002F000E047A /* Domain */,
				39E0CE4829A7FE18000E047A /* Infrastructure */,
				39E0CE0529A671BF000E047A /* Pressenation */,
				39E0CE0729A671E0000E047A /* Resources */,
				39E0CDFE29A6718E000E047A /* Info.plist */,
			);
			path = myMoviesApplication;
			sourceTree = "<group>";
		};
		39E0CE0429A671AE000E047A /* Application */ = {
			isa = PBXGroup;
			children = (
				39E0CDF029A6718D000E047A /* AppDelegate.swift */,
				39E0CDF229A6718D000E047A /* SceneDelegate.swift */,
			);
			path = Application;
			sourceTree = "<group>";
		};
		39E0CE0529A671BF000E047A /* Pressenation */ = {
			isa = PBXGroup;
			children = (
				39E0CE0629A671CB000E047A /* Movies */,
			);
			path = Pressenation;
			sourceTree = "<group>";
		};
		39E0CE0629A671CB000E047A /* Movies */ = {
			isa = PBXGroup;
			children = (
				39366C2C2A002861002847F0 /* SignUp */,
				39366C2B2A002856002847F0 /* SignIn */,
				39E0CE1329A6A588000E047A /* TabBar */,
				39E0CE1429A6A5E7000E047A /* HomePage */,
				39E0CE1529A6A600000E047A /* UpComingPage */,
				39E0CE1629A6A610000E047A /* SearchPage */,
				39E0CE1729A6A61C000E047A /* DownloadsPage */,
			);
			path = Movies;
			sourceTree = "<group>";
		};
		39E0CE0729A671E0000E047A /* Resources */ = {
			isa = PBXGroup;
			children = (
				3983F70629C6493000FD8FD4 /* loading.json */,
				39E0CDFB29A6718E000E047A /* LaunchScreen.storyboard */,
				39E0CDF929A6718E000E047A /* Assets.xcassets */,
			);
			path = Resources;
			sourceTree = "<group>";
		};
		39E0CE1329A6A588000E047A /* TabBar */ = {
			isa = PBXGroup;
			children = (
				39E0CDF429A6718D000E047A /* MainTabBarViewController.swift */,
				39E0CE0829A67258000E047A /* MainTabBarViewController.storyboard */,
			);
			path = TabBar;
			sourceTree = "<group>";
		};
		39E0CE1429A6A5E7000E047A /* HomePage */ = {
			isa = PBXGroup;
			children = (
				391AD23D29AFED9B00A816FB /* DetailPage */,
				39E0CE2A29A6ACE8000E047A /* HomePageFirstCell */,
				39E0CE3529A7C3A3000E047A /* HomePageSecondCell */,
				39E0CE2329A6A918000E047A /* HomeViewController.swift */,
				39E0CE2729A6A92B000E047A /* HomeViewController.storyboard */,
				39E0CE3029A6B0BB000E047A /* ViewModel */,
			);
			path = HomePage;
			sourceTree = "<group>";
		};
		39E0CE1529A6A600000E047A /* UpComingPage */ = {
			isa = PBXGroup;
			children = (
				39E0CE5829A928FE000E047A /* UpComingCell */,
				39E0CE0D29A69D6D000E047A /* UpComingViewController.swift */,
				39E0CE1D29A6A6B1000E047A /* UpComingViewController.storyboard */,
				39E0CE5D29A92C3E000E047A /* ViewModel */,
			);
			path = UpComingPage;
			sourceTree = "<group>";
		};
		39E0CE1629A6A610000E047A /* SearchPage */ = {
			isa = PBXGroup;
			children = (
				3911F36C29CCD3C7006B674C /* TopSearch */,
				391AD25B29B1F9DD00A816FB /* SearchResult */,
			);
			path = SearchPage;
			sourceTree = "<group>";
		};
		39E0CE1729A6A61C000E047A /* DownloadsPage */ = {
			isa = PBXGroup;
			children = (
				391AD24729B0F8D600A816FB /* DownloadsCell */,
				39E0CE1129A69D87000E047A /* DownloadsViewController.swift */,
				39E0CE2129A6A6DC000E047A /* DownloadsViewController.storyboard */,
				391AD24C29B0FB1C00A816FB /* ViewModel */,
			);
			path = DownloadsPage;
			sourceTree = "<group>";
		};
		39E0CE2A29A6ACE8000E047A /* HomePageFirstCell */ = {
			isa = PBXGroup;
			children = (
				39E0CE2B29A6AD25000E047A /* HomePageTraillerCell.swift */,
				39E0CE2C29A6AD25000E047A /* HomePageTraillerCell.xib */,
			);
			path = HomePageFirstCell;
			sourceTree = "<group>";
		};
		39E0CE3029A6B0BB000E047A /* ViewModel */ = {
			isa = PBXGroup;
			children = (
				39E0CE3329A6B175000E047A /* MoviesDatasource.swift */,
				39E0CE5629A80BC2000E047A /* MoviesListViewModel.swift */,
				39E0CE3129A6B161000E047A /* MoviesViewModel.swift */,
			);
			path = ViewModel;
			sourceTree = "<group>";
		};
		39E0CE3529A7C3A3000E047A /* HomePageSecondCell */ = {
			isa = PBXGroup;
			children = (
				39E0CE3F29A7C51B000E047A /* HomePageCollectionViewCell */,
				39E0CE3629A7C403000E047A /* HomePageTableViewCell.swift */,
				39E0CE3729A7C403000E047A /* HomePageTableViewCell.xib */,
			);
			path = HomePageSecondCell;
			sourceTree = "<group>";
		};
		39E0CE3F29A7C51B000E047A /* HomePageCollectionViewCell */ = {
			isa = PBXGroup;
			children = (
				39E0CE4029A7C54E000E047A /* HomePageCollectionViewCell.swift */,
				39E0CE4129A7C54E000E047A /* HomePageCollectionViewCell.xib */,
			);
			path = HomePageCollectionViewCell;
			sourceTree = "<group>";
		};
		39E0CE4829A7FE18000E047A /* Infrastructure */ = {
			isa = PBXGroup;
			children = (
				39366C352A019FEA002847F0 /* Utils */,
				39E0CE4B29A7FEF6000E047A /* Services */,
				39E0CE4C29A7FF04000E047A /* Networking */,
			);
			path = Infrastructure;
			sourceTree = "<group>";
		};
		39E0CE4B29A7FEF6000E047A /* Services */ = {
			isa = PBXGroup;
			children = (
				39E0CE4929A7FE3F000E047A /* MoviesService.swift */,
			);
			path = Services;
			sourceTree = "<group>";
		};
		39E0CE4C29A7FF04000E047A /* Networking */ = {
			isa = PBXGroup;
			children = (
				39E0CE4D29A7FF40000E047A /* WebServiceManager.swift */,
				39E0CE4F29A7FF63000E047A /* WebServiceManager+Error.swift */,
			);
			path = Networking;
			sourceTree = "<group>";
		};
		39E0CE5129A8002F000E047A /* Domain */ = {
			isa = PBXGroup;
			children = (
				39E0CE5229A80035000E047A /* Model */,
			);
			path = Domain;
			sourceTree = "<group>";
		};
		39E0CE5229A80035000E047A /* Model */ = {
			isa = PBXGroup;
			children = (
				39E0CE5329A80044000E047A /* Movie.swift */,
				39366C392A01A249002847F0 /* User.swift */,
			);
			path = Model;
			sourceTree = "<group>";
		};
		39E0CE5829A928FE000E047A /* UpComingCell */ = {
			isa = PBXGroup;
			children = (
				39E0CE5929A9293A000E047A /* UpComingCell.swift */,
				39E0CE5A29A9293A000E047A /* UpComingCell.xib */,
			);
			path = UpComingCell;
			sourceTree = "<group>";
		};
		39E0CE5D29A92C3E000E047A /* ViewModel */ = {
			isa = PBXGroup;
			children = (
				39E0CE5E29A92C59000E047A /* UpComingDataSource.swift */,
				391AD23B29AFC63E00A816FB /* UpcomingListViewModel.swift */,
				391AD23929AFC4BD00A816FB /* UpcomingViewModel.swift */,
			);
			path = ViewModel;
			sourceTree = "<group>";
		};
/* End PBXGroup section */

/* Begin PBXNativeTarget section */
		39E0CDEC29A6718D000E047A /* myMoviesApplication */ = {
			isa = PBXNativeTarget;
			buildConfigurationList = 39E0CE0129A6718E000E047A /* Build configuration list for PBXNativeTarget "myMoviesApplication" */;
			buildPhases = (
				39E0CDE929A6718D000E047A /* Sources */,
				39E0CDEA29A6718D000E047A /* Frameworks */,
				39E0CDEB29A6718D000E047A /* Resources */,
			);
			buildRules = (
			);
			dependencies = (
			);
			name = myMoviesApplication;
			packageProductDependencies = (
			);
			productName = myMoviesApplication;
			productReference = 39E0CDED29A6718D000E047A /* myMoviesApplication.app */;
			productType = "com.apple.product-type.application";
		};
/* End PBXNativeTarget section */

/* Begin PBXProject section */
		39E0CDE529A6718D000E047A /* Project object */ = {
			isa = PBXProject;
			attributes = {
				BuildIndependentTargetsInParallel = 1;
				LastSwiftUpdateCheck = 1420;
				LastUpgradeCheck = 1420;
				TargetAttributes = {
					39E0CDEC29A6718D000E047A = {
						CreatedOnToolsVersion = 14.2;
					};
				};
			};
			buildConfigurationList = 39E0CDE829A6718D000E047A /* Build configuration list for PBXProject "myMoviesApplication" */;
			compatibilityVersion = "Xcode 14.0";
			developmentRegion = en;
			hasScannedForEncodings = 0;
			knownRegions = (
				en,
				Base,
			);
			mainGroup = 39E0CDE429A6718D000E047A;
			packageReferences = (
			);
			productRefGroup = 39E0CDEE29A6718D000E047A /* Products */;
			projectDirPath = "";
			projectRoot = "";
			targets = (
				39E0CDEC29A6718D000E047A /* myMoviesApplication */,
			);
		};
/* End PBXProject section */

/* Begin PBXResourcesBuildPhase section */
		39E0CDEB29A6718D000E047A /* Resources */ = {
			isa = PBXResourcesBuildPhase;
			buildActionMask = 2147483647;
			files = (
				391AD24129AFEDE000A816FB /* DetailsViewController.storyboard in Resources */,
				39E0CDFD29A6718E000E047A /* LaunchScreen.storyboard in Resources */,
				39E0CE1E29A6A6B1000E047A /* UpComingViewController.storyboard in Resources */,
				39366C2E2A0028DA002847F0 /* SignInViewController.storyboard in Resources */,
				39E0CE2829A6A92B000E047A /* HomeViewController.storyboard in Resources */,
				3983F70729C6493000FD8FD4 /* loading.json in Resources */,
				391AD24B29B0F90C00A816FB /* DownloadsCell.xib in Resources */,
				39E0CE3929A7C403000E047A /* HomePageTableViewCell.xib in Resources */,
				39366C322A00376B002847F0 /* SignUpViewController.storyboard in Resources */,
				39E0CE5C29A9293A000E047A /* UpComingCell.xib in Resources */,
				39E0CE0929A67258000E047A /* MainTabBarViewController.storyboard in Resources */,
				391AD25F29B1FBED00A816FB /* SearchResultsViewController.storyboard in Resources */,
				39E0CDFA29A6718E000E047A /* Assets.xcassets in Resources */,
				39E0CE2029A6A6CA000E047A /* TopSearchViewController.storyboard in Resources */,
				391AD26429B1FC3400A816FB /* SearchResultsCollectionViewCell.xib in Resources */,
				39E0CE2229A6A6DC000E047A /* DownloadsViewController.storyboard in Resources */,
				391AD25329B1185200A816FB /* TopSearchCell.xib in Resources */,
				39E0CE4329A7C54E000E047A /* HomePageCollectionViewCell.xib in Resources */,
				39E0CE2E29A6AD25000E047A /* HomePageTraillerCell.xib in Resources */,
			);
			runOnlyForDeploymentPostprocessing = 0;
		};
/* End PBXResourcesBuildPhase section */

/* Begin PBXSourcesBuildPhase section */
		39E0CDE929A6718D000E047A /* Sources */ = {
			isa = PBXSourcesBuildPhase;
			buildActionMask = 2147483647;
			files = (
				391AD26729B1FD2200A816FB /* SearchResultsDatasource.swift in Sources */,
				39E0CE1029A69D78000E047A /* TopSearchViewController.swift in Sources */,
				391AD26B29B201A000A816FB /* SearchResultsListViewModel.swift in Sources */,
				391AD24A29B0F90C00A816FB /* DownloadsCell.swift in Sources */,
				39E0CE5729A80BC2000E047A /* MoviesListViewModel.swift in Sources */,
				39E0CDF529A6718D000E047A /* MainTabBarViewController.swift in Sources */,
				391AD23F29AFEDCF00A816FB /* DetailsViewController.swift in Sources */,
				39E0CE5B29A9293A000E047A /* UpComingCell.swift in Sources */,
				39E0CE1229A69D87000E047A /* DownloadsViewController.swift in Sources */,
				39E0CE4A29A7FE3F000E047A /* MoviesService.swift in Sources */,
				39E0CE4E29A7FF40000E047A /* WebServiceManager.swift in Sources */,
				39E0CE3429A6B175000E047A /* MoviesDatasource.swift in Sources */,
				391AD26929B1FE7000A816FB /* SearchResultsViewModel.swift in Sources */,
				391AD25629B1193800A816FB /* TopSearchDataSource.swift in Sources */,
				39E0CE5029A7FF63000E047A /* WebServiceManager+Error.swift in Sources */,
				391AD25229B1185200A816FB /* TopSearchCell.swift in Sources */,
				391AD26329B1FC3400A816FB /* SearchResultsCollectionViewCell.swift in Sources */,
				391AD24E29B0FB7700A816FB /* DownloadMoviesDataSource.swift in Sources */,
				391AD25829B1439400A816FB /* TopSearchListViewModel.swift in Sources */,
				39E0CE4229A7C54E000E047A /* HomePageCollectionViewCell.swift in Sources */,
				39E0CE2D29A6AD25000E047A /* HomePageTraillerCell.swift in Sources */,
				39E0CE5F29A92C59000E047A /* UpComingDataSource.swift in Sources */,
				391AD23A29AFC4BD00A816FB /* UpcomingViewModel.swift in Sources */,
				39366C3A2A01A249002847F0 /* User.swift in Sources */,
				39E0CE3229A6B161000E047A /* MoviesViewModel.swift in Sources */,
				39366C302A0028EC002847F0 /* SignInViewController.swift in Sources */,
				391AD25D29B1FA0B00A816FB /* SearchResultsViewController.swift in Sources */,
				39E0CE5429A80044000E047A /* Movie.swift in Sources */,
				39E0CDF129A6718D000E047A /* AppDelegate.swift in Sources */,
				391AD25A29B143A800A816FB /* TopSearchViewModel.swift in Sources */,
				39366C342A00377A002847F0 /* SignUpViewController.swift in Sources */,
				391AD23C29AFC63E00A816FB /* UpcomingListViewModel.swift in Sources */,
				39E0CE0E29A69D6D000E047A /* UpComingViewController.swift in Sources */,
				39E0CE3829A7C403000E047A /* HomePageTableViewCell.swift in Sources */,
				39E0CE2429A6A918000E047A /* HomeViewController.swift in Sources */,
				39E0CDF329A6718D000E047A /* SceneDelegate.swift in Sources */,
				39366C372A019FFD002847F0 /* Constants.swift in Sources */,
			);
			runOnlyForDeploymentPostprocessing = 0;
		};
/* End PBXSourcesBuildPhase section */

/* Begin PBXVariantGroup section */
		39E0CDFB29A6718E000E047A /* LaunchScreen.storyboard */ = {
			isa = PBXVariantGroup;
			children = (
				39E0CDFC29A6718E000E047A /* Base */,
			);
			name = LaunchScreen.storyboard;
			sourceTree = "<group>";
		};
/* End PBXVariantGroup section */

/* Begin XCBuildConfiguration section */
		39E0CDFF29A6718E000E047A /* Debug */ = {
			isa = XCBuildConfiguration;
			buildSettings = {
				ALWAYS_SEARCH_USER_PATHS = NO;
				CLANG_ANALYZER_NONNULL = YES;
				CLANG_ANALYZER_NUMBER_OBJECT_CONVERSION = YES_AGGRESSIVE;
				CLANG_CXX_LANGUAGE_STANDARD = "gnu++20";
				CLANG_ENABLE_MODULES = YES;
				CLANG_ENABLE_OBJC_ARC = YES;
				CLANG_ENABLE_OBJC_WEAK = YES;
				CLANG_WARN_BLOCK_CAPTURE_AUTORELEASING = YES;
				CLANG_WARN_BOOL_CONVERSION = YES;
				CLANG_WARN_COMMA = YES;
				CLANG_WARN_CONSTANT_CONVERSION = YES;
				CLANG_WARN_DEPRECATED_OBJC_IMPLEMENTATIONS = YES;
				CLANG_WARN_DIRECT_OBJC_ISA_USAGE = YES_ERROR;
				CLANG_WARN_DOCUMENTATION_COMMENTS = YES;
				CLANG_WARN_EMPTY_BODY = YES;
				CLANG_WARN_ENUM_CONVERSION = YES;
				CLANG_WARN_INFINITE_RECURSION = YES;
				CLANG_WARN_INT_CONVERSION = YES;
				CLANG_WARN_NON_LITERAL_NULL_CONVERSION = YES;
				CLANG_WARN_OBJC_IMPLICIT_RETAIN_SELF = YES;
				CLANG_WARN_OBJC_LITERAL_CONVERSION = YES;
				CLANG_WARN_OBJC_ROOT_CLASS = YES_ERROR;
				CLANG_WARN_QUOTED_INCLUDE_IN_FRAMEWORK_HEADER = YES;
				CLANG_WARN_RANGE_LOOP_ANALYSIS = YES;
				CLANG_WARN_STRICT_PROTOTYPES = YES;
				CLANG_WARN_SUSPICIOUS_MOVE = YES;
				CLANG_WARN_UNGUARDED_AVAILABILITY = YES_AGGRESSIVE;
				CLANG_WARN_UNREACHABLE_CODE = YES;
				CLANG_WARN__DUPLICATE_METHOD_MATCH = YES;
				COPY_PHASE_STRIP = NO;
				DEBUG_INFORMATION_FORMAT = dwarf;
				ENABLE_STRICT_OBJC_MSGSEND = YES;
				ENABLE_TESTABILITY = YES;
				GCC_C_LANGUAGE_STANDARD = gnu11;
				GCC_DYNAMIC_NO_PIC = NO;
				GCC_NO_COMMON_BLOCKS = YES;
				GCC_OPTIMIZATION_LEVEL = 0;
				GCC_PREPROCESSOR_DEFINITIONS = (
					"DEBUG=1",
					"$(inherited)",
				);
				GCC_WARN_64_TO_32_BIT_CONVERSION = YES;
				GCC_WARN_ABOUT_RETURN_TYPE = YES_ERROR;
				GCC_WARN_UNDECLARED_SELECTOR = YES;
				GCC_WARN_UNINITIALIZED_AUTOS = YES_AGGRESSIVE;
				GCC_WARN_UNUSED_FUNCTION = YES;
				GCC_WARN_UNUSED_VARIABLE = YES;
				IPHONEOS_DEPLOYMENT_TARGET = 16.2;
				MTL_ENABLE_DEBUG_INFO = INCLUDE_SOURCE;
				MTL_FAST_MATH = YES;
				ONLY_ACTIVE_ARCH = YES;
				SDKROOT = iphoneos;
				SWIFT_ACTIVE_COMPILATION_CONDITIONS = DEBUG;
				SWIFT_OPTIMIZATION_LEVEL = "-Onone";
			};
			name = Debug;
		};
		39E0CE0029A6718E000E047A /* Release */ = {
			isa = XCBuildConfiguration;
			buildSettings = {
				ALWAYS_SEARCH_USER_PATHS = NO;
				CLANG_ANALYZER_NONNULL = YES;
				CLANG_ANALYZER_NUMBER_OBJECT_CONVERSION = YES_AGGRESSIVE;
				CLANG_CXX_LANGUAGE_STANDARD = "gnu++20";
				CLANG_ENABLE_MODULES = YES;
				CLANG_ENABLE_OBJC_ARC = YES;
				CLANG_ENABLE_OBJC_WEAK = YES;
				CLANG_WARN_BLOCK_CAPTURE_AUTORELEASING = YES;
				CLANG_WARN_BOOL_CONVERSION = YES;
				CLANG_WARN_COMMA = YES;
				CLANG_WARN_CONSTANT_CONVERSION = YES;
				CLANG_WARN_DEPRECATED_OBJC_IMPLEMENTATIONS = YES;
				CLANG_WARN_DIRECT_OBJC_ISA_USAGE = YES_ERROR;
				CLANG_WARN_DOCUMENTATION_COMMENTS = YES;
				CLANG_WARN_EMPTY_BODY = YES;
				CLANG_WARN_ENUM_CONVERSION = YES;
				CLANG_WARN_INFINITE_RECURSION = YES;
				CLANG_WARN_INT_CONVERSION = YES;
				CLANG_WARN_NON_LITERAL_NULL_CONVERSION = YES;
				CLANG_WARN_OBJC_IMPLICIT_RETAIN_SELF = YES;
				CLANG_WARN_OBJC_LITERAL_CONVERSION = YES;
				CLANG_WARN_OBJC_ROOT_CLASS = YES_ERROR;
				CLANG_WARN_QUOTED_INCLUDE_IN_FRAMEWORK_HEADER = YES;
				CLANG_WARN_RANGE_LOOP_ANALYSIS = YES;
				CLANG_WARN_STRICT_PROTOTYPES = YES;
				CLANG_WARN_SUSPICIOUS_MOVE = YES;
				CLANG_WARN_UNGUARDED_AVAILABILITY = YES_AGGRESSIVE;
				CLANG_WARN_UNREACHABLE_CODE = YES;
				CLANG_WARN__DUPLICATE_METHOD_MATCH = YES;
				COPY_PHASE_STRIP = NO;
				DEBUG_INFORMATION_FORMAT = "dwarf-with-dsym";
				ENABLE_NS_ASSERTIONS = NO;
				ENABLE_STRICT_OBJC_MSGSEND = YES;
				GCC_C_LANGUAGE_STANDARD = gnu11;
				GCC_NO_COMMON_BLOCKS = YES;
				GCC_WARN_64_TO_32_BIT_CONVERSION = YES;
				GCC_WARN_ABOUT_RETURN_TYPE = YES_ERROR;
				GCC_WARN_UNDECLARED_SELECTOR = YES;
				GCC_WARN_UNINITIALIZED_AUTOS = YES_AGGRESSIVE;
				GCC_WARN_UNUSED_FUNCTION = YES;
				GCC_WARN_UNUSED_VARIABLE = YES;
				IPHONEOS_DEPLOYMENT_TARGET = 16.2;
				MTL_ENABLE_DEBUG_INFO = NO;
				MTL_FAST_MATH = YES;
				SDKROOT = iphoneos;
				SWIFT_COMPILATION_MODE = wholemodule;
				SWIFT_OPTIMIZATION_LEVEL = "-O";
				VALIDATE_PRODUCT = YES;
			};
			name = Release;
		};
		39E0CE0229A6718E000E047A /* Debug */ = {
			isa = XCBuildConfiguration;
			buildSettings = {
				ASSETCATALOG_COMPILER_APPICON_NAME = AppIcon;
				ASSETCATALOG_COMPILER_GLOBAL_ACCENT_COLOR_NAME = AccentColor;
				CODE_SIGN_STYLE = Automatic;
				CURRENT_PROJECT_VERSION = 1;
				DEVELOPMENT_TEAM = VK8W64RM87;
				GENERATE_INFOPLIST_FILE = YES;
				INFOPLIST_FILE = myMoviesApplication/Info.plist;
				INFOPLIST_KEY_UIApplicationSupportsIndirectInputEvents = YES;
				INFOPLIST_KEY_UILaunchStoryboardName = LaunchScreen;
				INFOPLIST_KEY_UISupportedInterfaceOrientations_iPad = "UIInterfaceOrientationPortrait UIInterfaceOrientationPortraitUpsideDown UIInterfaceOrientationLandscapeLeft UIInterfaceOrientationLandscapeRight";
				INFOPLIST_KEY_UISupportedInterfaceOrientations_iPhone = "UIInterfaceOrientationPortrait UIInterfaceOrientationLandscapeLeft UIInterfaceOrientationLandscapeRight";
				LD_RUNPATH_SEARCH_PATHS = (
					"$(inherited)",
					"@executable_path/Frameworks",
				);
				MARKETING_VERSION = 1.0;
				PRODUCT_BUNDLE_IDENTIFIER = mmm.myMoviesApplication;
				PRODUCT_NAME = "$(TARGET_NAME)";
				SWIFT_EMIT_LOC_STRINGS = YES;
				SWIFT_VERSION = 5.0;
				TARGETED_DEVICE_FAMILY = "1,2";
			};
			name = Debug;
		};
		39E0CE0329A6718E000E047A /* Release */ = {
			isa = XCBuildConfiguration;
			buildSettings = {
				ASSETCATALOG_COMPILER_APPICON_NAME = AppIcon;
				ASSETCATALOG_COMPILER_GLOBAL_ACCENT_COLOR_NAME = AccentColor;
				CODE_SIGN_STYLE = Automatic;
				CURRENT_PROJECT_VERSION = 1;
				DEVELOPMENT_TEAM = VK8W64RM87;
				GENERATE_INFOPLIST_FILE = YES;
				INFOPLIST_FILE = myMoviesApplication/Info.plist;
				INFOPLIST_KEY_UIApplicationSupportsIndirectInputEvents = YES;
				INFOPLIST_KEY_UILaunchStoryboardName = LaunchScreen;
				INFOPLIST_KEY_UISupportedInterfaceOrientations_iPad = "UIInterfaceOrientationPortrait UIInterfaceOrientationPortraitUpsideDown UIInterfaceOrientationLandscapeLeft UIInterfaceOrientationLandscapeRight";
				INFOPLIST_KEY_UISupportedInterfaceOrientations_iPhone = "UIInterfaceOrientationPortrait UIInterfaceOrientationLandscapeLeft UIInterfaceOrientationLandscapeRight";
				LD_RUNPATH_SEARCH_PATHS = (
					"$(inherited)",
					"@executable_path/Frameworks",
				);
				MARKETING_VERSION = 1.0;
				PRODUCT_BUNDLE_IDENTIFIER = mmm.myMoviesApplication;
				PRODUCT_NAME = "$(TARGET_NAME)";
				SWIFT_EMIT_LOC_STRINGS = YES;
				SWIFT_VERSION = 5.0;
				TARGETED_DEVICE_FAMILY = "1,2";
			};
			name = Release;
		};
/* End XCBuildConfiguration section */

/* Begin XCConfigurationList section */
		39E0CDE829A6718D000E047A /* Build configuration list for PBXProject "myMoviesApplication" */ = {
			isa = XCConfigurationList;
			buildConfigurations = (
				39E0CDFF29A6718E000E047A /* Debug */,
				39E0CE0029A6718E000E047A /* Release */,
			);
			defaultConfigurationIsVisible = 0;
			defaultConfigurationName = Release;
		};
		39E0CE0129A6718E000E047A /* Build configuration list for PBXNativeTarget "myMoviesApplication" */ = {
			isa = XCConfigurationList;
			buildConfigurations = (
				39E0CE0229A6718E000E047A /* Debug */,
				39E0CE0329A6718E000E047A /* Release */,
			);
			defaultConfigurationIsVisible = 0;
			defaultConfigurationName = Release;
		};
/* End XCConfigurationList section */
	};
	rootObject = 39E0CDE529A6718D000E047A /* Project object */;
}
